
Microsoft Visual Studio Solution File, Format Version 12.00
# Visual Studio Version 16
VisualStudioVersion = 16.0.31729.503
MinimumVisualStudioVersion = 10.0.40219.1
Project("{FAE04EC0-301F-11D3-BF4B-00C04F79EFBC}") = "ApiTest", "ApiTest\ApiTest.csproj", "{342168E2-5238-41CC-8843-F2C5D8281DB8}"
EndProject
Global
	GlobalSection(SolutionConfigurationPlatforms) = preSolution
		Debug|Any CPU = Debug|Any CPU
		Release|Any CPU = Release|Any CPU
	EndGlobalSection
	GlobalSection(ProjectConfigurationPlatforms) = postSolution
		{342168E2-5238-41CC-8843-F2C5D8281DB8}.Debug|Any CPU.ActiveCfg = Debug|Any CPU
		{342168E2-5238-41CC-8843-F2C5D8281DB8}.Debug|Any CPU.Build.0 = Debug|Any CPU
		{342168E2-5238-41CC-8843-F2C5D8281DB8}.Release|Any CPU.ActiveCfg = Release|Any CPU
		{342168E2-5238-41CC-8843-F2C5D8281DB8}.Release|Any CPU.Build.0 = Release|Any CPU
	EndGlobalSection
	GlobalSection(SolutionProperties) = preSolution
		HideSolutionNode = FALSE
	EndGlobalSection
	GlobalSection(ExtensibilityGlobals) = postSolution
		SolutionGuid = {13D0991D-E772-4263-B4E3-0F34BC00CF5F}
	EndGlobalSection
EndGlobal
