
Microsoft Visual Studio Solution File, Format Version 12.00
# Visual Studio Version 16
VisualStudioVersion = 16.0.31729.503
MinimumVisualStudioVersion = 10.0.40219.1
Project("{FAE04EC0-301F-11D3-BF4B-00C04F79EFBC}") = "ApiTest", "ApiTest\ApiTest.csproj", "{342168E2-5238-41CC-8843-F2C5D8281DB8}"
EndProject
Project("{FAE04EC0-301F-11D3-BF4B-00C04F79EFBC}") = "ApiTest.Core", "ApiTest.Core\ApiTest.Core.csproj", "{61DEA2A0-10BD-4DB8-B90D-D8FE710210F0}"
EndProject
Project("{FAE04EC0-301F-11D3-BF4B-00C04F79EFBC}") = "ApiTest.Infrastructure", "ApiTest.Infrastructure\ApiTest.Infrastructure.csproj", "{1F51FB75-2F8D-47D8-93DD-78DCCBA1312E}"
EndProject
Project("{FAE04EC0-301F-11D3-BF4B-00C04F79EFBC}") = "ApiTest.Domain", "ApiTest.Domain\ApiTest.Domain.csproj", "{45F8C797-E91A-4857-AFD4-5A233B98019F}"
EndProject
Global
	GlobalSection(SolutionConfigurationPlatforms) = preSolution
		Debug|Any CPU = Debug|Any CPU
		Release|Any CPU = Release|Any CPU
	EndGlobalSection
	GlobalSection(ProjectConfigurationPlatforms) = postSolution
		{342168E2-5238-41CC-8843-F2C5D8281DB8}.Debug|Any CPU.ActiveCfg = Debug|Any CPU
		{342168E2-5238-41CC-8843-F2C5D8281DB8}.Debug|Any CPU.Build.0 = Debug|Any CPU
		{342168E2-5238-41CC-8843-F2C5D8281DB8}.Release|Any CPU.ActiveCfg = Release|Any CPU
		{342168E2-5238-41CC-8843-F2C5D8281DB8}.Release|Any CPU.Build.0 = Release|Any CPU
		{61DEA2A0-10BD-4DB8-B90D-D8FE710210F0}.Debug|Any CPU.ActiveCfg = Debug|Any CPU
		{61DEA2A0-10BD-4DB8-B90D-D8FE710210F0}.Debug|Any CPU.Build.0 = Debug|Any CPU
		{61DEA2A0-10BD-4DB8-B90D-D8FE710210F0}.Release|Any CPU.ActiveCfg = Release|Any CPU
		{61DEA2A0-10BD-4DB8-B90D-D8FE710210F0}.Release|Any CPU.Build.0 = Release|Any CPU
		{1F51FB75-2F8D-47D8-93DD-78DCCBA1312E}.Debug|Any CPU.ActiveCfg = Debug|Any CPU
		{1F51FB75-2F8D-47D8-93DD-78DCCBA1312E}.Debug|Any CPU.Build.0 = Debug|Any CPU
		{1F51FB75-2F8D-47D8-93DD-78DCCBA1312E}.Release|Any CPU.ActiveCfg = Release|Any CPU
		{1F51FB75-2F8D-47D8-93DD-78DCCBA1312E}.Release|Any CPU.Build.0 = Release|Any CPU
		{45F8C797-E91A-4857-AFD4-5A233B98019F}.Debug|Any CPU.ActiveCfg = Debug|Any CPU
		{45F8C797-E91A-4857-AFD4-5A233B98019F}.Debug|Any CPU.Build.0 = Debug|Any CPU
		{45F8C797-E91A-4857-AFD4-5A233B98019F}.Release|Any CPU.ActiveCfg = Release|Any CPU
		{45F8C797-E91A-4857-AFD4-5A233B98019F}.Release|Any CPU.Build.0 = Release|Any CPU
	EndGlobalSection
	GlobalSection(SolutionProperties) = preSolution
		HideSolutionNode = FALSE
	EndGlobalSection
	GlobalSection(ExtensibilityGlobals) = postSolution
		SolutionGuid = {13D0991D-E772-4263-B4E3-0F34BC00CF5F}
	EndGlobalSection
EndGlobal
